
Microsoft Visual Studio Solution File, Format Version 12.00
# Visual Studio Version 17
VisualStudioVersion = 17.13.35931.197 d17.13
MinimumVisualStudioVersion = 10.0.40219.1
Project("{FAE04EC0-301F-11D3-BF4B-00C04F79EFBC}") = "MauiApp3", "MauiApp3\MauiApp3.csproj", "{51CFA2AC-C1C3-4BDC-B96A-A087EA91AE04}"
EndProject
Global
	GlobalSection(SolutionConfigurationPlatforms) = preSolution
		Debug|Any CPU = Debug|Any CPU
		Release|Any CPU = Release|Any CPU
	EndGlobalSection
	GlobalSection(ProjectConfigurationPlatforms) = postSolution
		{51CFA2AC-C1C3-4BDC-B96A-A087EA91AE04}.Debug|Any CPU.ActiveCfg = Debug|Any CPU
		{51CFA2AC-C1C3-4BDC-B96A-A087EA91AE04}.Debug|Any CPU.Build.0 = Debug|Any CPU
		{51CFA2AC-C1C3-4BDC-B96A-A087EA91AE04}.Debug|Any CPU.Deploy.0 = Debug|Any CPU
		{51CFA2AC-C1C3-4BDC-B96A-A087EA91AE04}.Release|Any CPU.ActiveCfg = Release|Any CPU
		{51CFA2AC-C1C3-4BDC-B96A-A087EA91AE04}.Release|Any CPU.Build.0 = Release|Any CPU
		{51CFA2AC-C1C3-4BDC-B96A-A087EA91AE04}.Release|Any CPU.Deploy.0 = Release|Any CPU
	EndGlobalSection
	GlobalSection(SolutionProperties) = preSolution
		HideSolutionNode = FALSE
	EndGlobalSection
	GlobalSection(ExtensibilityGlobals) = postSolution
		SolutionGuid = {0F61C9BE-71CD-41FA-97D4-B885C6E31DB9}
	EndGlobalSection
EndGlobal
